// !$*UTF8*$!
{
	archiveVersion = 1;
	classes = {
	};
	objectVersion = 77;
	objects = {

/* Begin PBXBuildFile section */
		63D3DB7B301DBB1600D4328A /* ARCHITECTURE.md in Resources */ = {isa = PBXBuildFile; fileRef = 63D3DB77301DBB1600D4328A /* ARCHITECTURE.md */; };
		63D3DB7C301DBB1600D4328A /* FUNCTIONAL_SPECIFICATION.md in Resources */ = {isa = PBXBuildFile; fileRef = 63D3DB78301DBB1600D4328A /* FUNCTIONAL_SPECIFICATION.md */; };
		63D3DB7D301DBB1600D4328A /* IMPLEMENTATION_PLAN.md in Resources */ = {isa = PBXBuildFile; fileRef = 63D3DB79301DBB1600D4328A /* IMPLEMENTATION_PLAN.md */; };
		63D3DB83301DBC4200D4328A /* TESTING_STRATEGY.md in Resources */ = {isa = PBXBuildFile; fileRef = 63D3DB82301DBC4200D4328A /* TESTING_STRATEGY.md */; };
		63D3DB85301DBE7700D4328A /* CURRENT_STATE.md in Resources */ = {isa = PBXBuildFile; fileRef = 63D3DB84301DBE7700D4328A /* CURRENT_STATE.md */; };
		63D3DB87301DBE7E00D4328A /* CODING_STANDARDS.md in Resources */ = {isa = PBXBuildFile; fileRef = 63D3DB86301DBE7E00D4328A /* CODING_STANDARDS.md */; };
		63D3DB89301DBE8100D4328A /* README.md in Resources */ = {isa = PBXBuildFile; fileRef = 63D3DB88301DBE8100D4328A /* README.md */; };
		63E027A030229ABC0076BCDD /* Purchase_Passport_Mail_Integration_Roadmap.md in Resources */ = {isa = PBXBuildFile; fileRef = 63E0279F30229ABC0076BCDD /* Purchase_Passport_Mail_Integration_Roadmap.md */; };
/* End PBXBuildFile section */

/* Begin PBXContainerItemProxy section */
		63D3DB5B301DB38B00D4328A /* PBXContainerItemProxy */ = {
			isa = PBXContainerItemProxy;
			containerPortal = 63D3DB45301DB38A00D4328A /* Project object */;
			proxyType = 1;
			remoteGlobalIDString = 63D3DB4C301DB38A00D4328A;
			remoteInfo = "Purchase Passport";
		};
		63D3DB65301DB38B00D4328A /* PBXContainerItemProxy */ = {
			isa = PBXContainerItemProxy;
			containerPortal = 63D3DB45301DB38A00D4328A /* Project object */;
			proxyType = 1;
			remoteGlobalIDString = 63D3DB4C301DB38A00D4328A;
			remoteInfo = "Purchase Passport";
		};
/* End PBXContainerItemProxy section */

/* Begin PBXFileReference section */
		63D3DB4D301DB38A00D4328A /* Purchase Passport.app */ = {isa = PBXFileReference; explicitFileType = wrapper.application; includeInIndex = 0; path = "Purchase Passport.app"; sourceTree = BUILT_PRODUCTS_DIR; };
		63D3DB5A301DB38B00D4328A /* Purchase PassportTests.xctest */ = {isa = PBXFileReference; explicitFileType = wrapper.cfbundle; includeInIndex = 0; path = "Purchase PassportTests.xctest"; sourceTree = BUILT_PRODUCTS_DIR; };
		63D3DB64301DB38B00D4328A /* Purchase PassportUITests.xctest */ = {isa = PBXFileReference; explicitFileType = wrapper.cfbundle; includeInIndex = 0; path = "Purchase PassportUITests.xctest"; sourceTree = BUILT_PRODUCTS_DIR; };
		63D3DB77301DBB1600D4328A /* ARCHITECTURE.md */ = {isa = PBXFileReference; lastKnownFileType = net.daringfireball.markdown; path = ARCHITECTURE.md; sourceTree = "<group>"; };
		63D3DB78301DBB1600D4328A /* FUNCTIONAL_SPECIFICATION.md */ = {isa = PBXFileReference; lastKnownFileType = net.daringfireball.markdown; path = FUNCTIONAL_SPECIFICATION.md; sourceTree = "<group>"; };
		63D3DB79301DBB1600D4328A /* IMPLEMENTATION_PLAN.md */ = {isa = PBXFileReference; lastKnownFileType = net.daringfireball.markdown; path = IMPLEMENTATION_PLAN.md; sourceTree = "<group>"; };
		63D3DB82301DBC4200D4328A /* TESTING_STRATEGY.md */ = {isa = PBXFileReference; lastKnownFileType = net.daringfireball.markdown; path = TESTING_STRATEGY.md; sourceTree = "<group>"; };
		63D3DB84301DBE7700D4328A /* CURRENT_STATE.md */ = {isa = PBXFileReference; lastKnownFileType = net.daringfireball.markdown; path = CURRENT_STATE.md; sourceTree = "<group>"; };
		63D3DB86301DBE7E00D4328A /* CODING_STANDARDS.md */ = {isa = PBXFileReference; lastKnownFileType = net.daringfireball.markdown; path = CODING_STANDARDS.md; sourceTree = "<group>"; };
		63D3DB88301DBE8100D4328A /* README.md */ = {isa = PBXFileReference; lastKnownFileType = net.daringfireball.markdown; path = README.md; sourceTree = "<group>"; };
		63E0279F30229ABC0076BCDD /* Purchase_Passport_Mail_Integration_Roadmap.md */ = {isa = PBXFileReference; lastKnownFileType = net.daringfireball.markdown; path = Purchase_Passport_Mail_Integration_Roadmap.md; sourceTree = "<group>"; };
/* End PBXFileReference section */

/* Begin PBXFileSystemSynchronizedRootGroup section */
		63D3DB4F301DB38A00D4328A /* Purchase Passport */ = {
			isa = PBXFileSystemSynchronizedRootGroup;
			path = "Purchase Passport";
			sourceTree = "<group>";
		};
		63D3DB5D301DB38B00D4328A /* Purchase PassportTests */ = {
			isa = PBXFileSystemSynchronizedRootGroup;
			path = "Purchase PassportTests";
			sourceTree = "<group>";
		};
		63D3DB67301DB38B00D4328A /* Purchase PassportUITests */ = {
			isa = PBXFileSystemSynchronizedRootGroup;
			path = "Purchase PassportUITests";
			sourceTree = "<group>";
		};
/* End PBXFileSystemSynchronizedRootGroup section */

/* Begin PBXFrameworksBuildPhase section */
		63D3DB4A301DB38A00D4328A /* Frameworks */ = {
			isa = PBXFrameworksBuildPhase;
			buildActionMask = 2147483647;
			files = (
			);
			runOnlyForDeploymentPostprocessing = 0;
		};
		63D3DB57301DB38B00D4328A /* Frameworks */ = {
			isa = PBXFrameworksBuildPhase;
			buildActionMask = 2147483647;
			files = (
			);
			runOnlyForDeploymentPostprocessing = 0;
		};
		63D3DB61301DB38B00D4328A /* Frameworks */ = {
			isa = PBXFrameworksBuildPhase;
			buildActionMask = 2147483647;
			files = (
			);
			runOnlyForDeploymentPostprocessing = 0;
		};
/* End PBXFrameworksBuildPhase section */

/* Begin PBXGroup section */
		63D3DB44301DB38A00D4328A = {
			isa = PBXGroup;
			children = (
				63D3DB7A301DBB1600D4328A /* docs */,
				63D3DB4F301DB38A00D4328A /* Purchase Passport */,
				63D3DB5D301DB38B00D4328A /* Purchase PassportTests */,
				63D3DB67301DB38B00D4328A /* Purchase PassportUITests */,
				63D3DB4E301DB38A00D4328A /* Products */,
				63D3DB88301DBE8100D4328A /* README.md */,
			);
			sourceTree = "<group>";
		};
		63D3DB4E301DB38A00D4328A /* Products */ = {
			isa = PBXGroup;
			children = (
				63D3DB4D301DB38A00D4328A /* Purchase Passport.app */,
				63D3DB5A301DB38B00D4328A /* Purchase PassportTests.xctest */,
				63D3DB64301DB38B00D4328A /* Purchase PassportUITests.xctest */,
			);
			name = Products;
			sourceTree = "<group>";
		};
		63D3DB7A301DBB1600D4328A /* docs */ = {
			isa = PBXGroup;
			children = (
				63D3DB82301DBC4200D4328A /* TESTING_STRATEGY.md */,
				63D3DB77301DBB1600D4328A /* ARCHITECTURE.md */,
				63D3DB78301DBB1600D4328A /* FUNCTIONAL_SPECIFICATION.md */,
				63D3DB79301DBB1600D4328A /* IMPLEMENTATION_PLAN.md */,
				63D3DB84301DBE7700D4328A /* CURRENT_STATE.md */,
				63D3DB86301DBE7E00D4328A /* CODING_STANDARDS.md */,
				63E0279F30229ABC0076BCDD /* Purchase_Passport_Mail_Integration_Roadmap.md */,
			);
			path = docs;
			sourceTree = "<group>";
		};
/* End PBXGroup section */

/* Begin PBXNativeTarget section */
		63D3DB4C301DB38A00D4328A /* Purchase Passport */ = {
			isa = PBXNativeTarget;
			buildConfigurationList = 63D3DB6E301DB38B00D4328A /* Build configuration list for PBXNativeTarget "Purchase Passport" */;
			buildPhases = (
				63D3DB49301DB38A00D4328A /* Sources */,
				63D3DB4A301DB38A00D4328A /* Frameworks */,
				63D3DB4B301DB38A00D4328A /* Resources */,
			);
			buildRules = (
			);
			dependencies = (
			);
			fileSystemSynchronizedGroups = (
				63D3DB4F301DB38A00D4328A /* Purchase Passport */,
			);
			name = "Purchase Passport";
			packageProductDependencies = (
			);
			productName = "Purchase Passport";
			productReference = 63D3DB4D301DB38A00D4328A /* Purchase Passport.app */;
			productType = "com.apple.product-type.application";
		};
		63D3DB59301DB38B00D4328A /* Purchase PassportTests */ = {
			isa = PBXNativeTarget;
			buildConfigurationList = 63D3DB71301DB38B00D4328A /* Build configuration list for PBXNativeTarget "Purchase PassportTests" */;
			buildPhases = (
				63D3DB56301DB38B00D4328A /* Sources */,
				63D3DB57301DB38B00D4328A /* Frameworks */,
				63D3DB58301DB38B00D4328A /* Resources */,
			);
			buildRules = (
			);
			dependencies = (
				63D3DB5C301DB38B00D4328A /* PBXTargetDependency */,
			);
			fileSystemSynchronizedGroups = (
				63D3DB5D301DB38B00D4328A /* Purchase PassportTests */,
			);
			name = "Purchase PassportTests";
			packageProductDependencies = (
			);
			productName = "Purchase PassportTests";
			productReference = 63D3DB5A301DB38B00D4328A /* Purchase PassportTests.xctest */;
			productType = "com.apple.product-type.bundle.unit-test";
		};
		63D3DB63301DB38B00D4328A /* Purchase PassportUITests */ = {
			isa = PBXNativeTarget;
			buildConfigurationList = 63D3DB74301DB38B00D4328A /* Build configuration list for PBXNativeTarget "Purchase PassportUITests" */;
			buildPhases = (
				63D3DB60301DB38B00D4328A /* Sources */,
				63D3DB61301DB38B00D4328A /* Frameworks */,
				63D3DB62301DB38B00D4328A /* Resources */,
			);
			buildRules = (
			);
			dependencies = (
				63D3DB66301DB38B00D4328A /* PBXTargetDependency */,
			);
			fileSystemSynchronizedGroups = (
				63D3DB67301DB38B00D4328A /* Purchase PassportUITests */,
			);
			name = "Purchase PassportUITests";
			packageProductDependencies = (
			);
			productName = "Purchase PassportUITests";
			productReference = 63D3DB64301DB38B00D4328A /* Purchase PassportUITests.xctest */;
			productType = "com.apple.product-type.bundle.ui-testing";
		};
/* End PBXNativeTarget section */

/* Begin PBXProject section */
		63D3DB45301DB38A00D4328A /* Project object */ = {
			isa = PBXProject;
			attributes = {
				BuildIndependentTargetsInParallel = 1;
				LastSwiftUpdateCheck = 2660;
				LastUpgradeCheck = 2660;
				TargetAttributes = {
					63D3DB4C301DB38A00D4328A = {
						CreatedOnToolsVersion = 26.6;
					};
					63D3DB59301DB38B00D4328A = {
						CreatedOnToolsVersion = 26.6;
						TestTargetID = 63D3DB4C301DB38A00D4328A;
					};
					63D3DB63301DB38B00D4328A = {
						CreatedOnToolsVersion = 26.6;
						TestTargetID = 63D3DB4C301DB38A00D4328A;
					};
				};
			};
			buildConfigurationList = 63D3DB48301DB38A00D4328A /* Build configuration list for PBXProject "Purchase Passport" */;
			developmentRegion = en;
			hasScannedForEncodings = 0;
			knownRegions = (
				en,
				Base,
			);
			mainGroup = 63D3DB44301DB38A00D4328A;
			minimizedProjectReferenceProxies = 1;
			preferredProjectObjectVersion = 77;
			productRefGroup = 63D3DB4E301DB38A00D4328A /* Products */;
			projectDirPath = "";
			projectRoot = "";
			targets = (
				63D3DB4C301DB38A00D4328A /* Purchase Passport */,
				63D3DB59301DB38B00D4328A /* Purchase PassportTests */,
				63D3DB63301DB38B00D4328A /* Purchase PassportUITests */,
			);
		};
/* End PBXProject section */

/* Begin PBXResourcesBuildPhase section */
		63D3DB4B301DB38A00D4328A /* Resources */ = {
			isa = PBXResourcesBuildPhase;
			buildActionMask = 2147483647;
			files = (
				63D3DB7B301DBB1600D4328A /* ARCHITECTURE.md in Resources */,
				63D3DB87301DBE7E00D4328A /* CODING_STANDARDS.md in Resources */,
				63E027A030229ABC0076BCDD /* Purchase_Passport_Mail_Integration_Roadmap.md in Resources */,
				63D3DB83301DBC4200D4328A /* TESTING_STRATEGY.md in Resources */,
				63D3DB7C301DBB1600D4328A /* FUNCTIONAL_SPECIFICATION.md in Resources */,
				63D3DB85301DBE7700D4328A /* CURRENT_STATE.md in Resources */,
				63D3DB89301DBE8100D4328A /* README.md in Resources */,
				63D3DB7D301DBB1600D4328A /* IMPLEMENTATION_PLAN.md in Resources */,
			);
			runOnlyForDeploymentPostprocessing = 0;
		};
		63D3DB58301DB38B00D4328A /* Resources */ = {
			isa = PBXResourcesBuildPhase;
			buildActionMask = 2147483647;
			files = (
			);
			runOnlyForDeploymentPostprocessing = 0;
		};
		63D3DB62301DB38B00D4328A /* Resources */ = {
			isa = PBXResourcesBuildPhase;
			buildActionMask = 2147483647;
			files = (
			);
			runOnlyForDeploymentPostprocessing = 0;
		};
/* End PBXResourcesBuildPhase section */

/* Begin PBXSourcesBuildPhase section */
		63D3DB49301DB38A00D4328A /* Sources */ = {
			isa = PBXSourcesBuildPhase;
			buildActionMask = 2147483647;
			files = (
			);
			runOnlyForDeploymentPostprocessing = 0;
		};
		63D3DB56301DB38B00D4328A /* Sources */ = {
			isa = PBXSourcesBuildPhase;
			buildActionMask = 2147483647;
			files = (
			);
			runOnlyForDeploymentPostprocessing = 0;
		};
		63D3DB60301DB38B00D4328A /* Sources */ = {
			isa = PBXSourcesBuildPhase;
			buildActionMask = 2147483647;
			files = (
			);
			runOnlyForDeploymentPostprocessing = 0;
		};
/* End PBXSourcesBuildPhase section */

/* Begin PBXTargetDependency section */
		63D3DB5C301DB38B00D4328A /* PBXTargetDependency */ = {
			isa = PBXTargetDependency;
			target = 63D3DB4C301DB38A00D4328A /* Purchase Passport */;
			targetProxy = 63D3DB5B301DB38B00D4328A /* PBXContainerItemProxy */;
		};
		63D3DB66301DB38B00D4328A /* PBXTargetDependency */ = {
			isa = PBXTargetDependency;
			target = 63D3DB4C301DB38A00D4328A /* Purchase Passport */;
			targetProxy = 63D3DB65301DB38B00D4328A /* PBXContainerItemProxy */;
		};
/* End PBXTargetDependency section */

/* Begin XCBuildConfiguration section */
		63D3DB6C301DB38B00D4328A /* Debug */ = {
			isa = XCBuildConfiguration;
			buildSettings = {
				ALWAYS_SEARCH_USER_PATHS = NO;
				ASSETCATALOG_COMPILER_GENERATE_SWIFT_ASSET_SYMBOL_EXTENSIONS = YES;
				CLANG_ANALYZER_NONNULL = YES;
				CLANG_ANALYZER_NUMBER_OBJECT_CONVERSION = YES_AGGRESSIVE;
				CLANG_CXX_LANGUAGE_STANDARD = "gnu++20";
				CLANG_ENABLE_MODULES = YES;
				CLANG_ENABLE_OBJC_ARC = YES;
				CLANG_ENABLE_OBJC_WEAK = YES;
				CLANG_WARN_BLOCK_CAPTURE_AUTORELEASING = YES;
				CLANG_WARN_BOOL_CONVERSION = YES;
				CLANG_WARN_COMMA = YES;
				CLANG_WARN_CONSTANT_CONVERSION = YES;
				CLANG_WARN_DEPRECATED_OBJC_IMPLEMENTATIONS = YES;
				CLANG_WARN_DIRECT_OBJC_ISA_USAGE = YES_ERROR;
				CLANG_WARN_DOCUMENTATION_COMMENTS = YES;
				CLANG_WARN_EMPTY_BODY = YES;
				CLANG_WARN_ENUM_CONVERSION = YES;
				CLANG_WARN_INFINITE_RECURSION = YES;
				CLANG_WARN_INT_CONVERSION = YES;
				CLANG_WARN_NON_LITERAL_NULL_CONVERSION = YES;
				CLANG_WARN_OBJC_IMPLICIT_RETAIN_SELF = YES;
				CLANG_WARN_OBJC_LITERAL_CONVERSION = YES;
				CLANG_WARN_OBJC_ROOT_CLASS = YES_ERROR;
				CLANG_WARN_QUOTED_INCLUDE_IN_FRAMEWORK_HEADER = YES;
				CLANG_WARN_RANGE_LOOP_ANALYSIS = YES;
				CLANG_WARN_STRICT_PROTOTYPES = YES;
				CLANG_WARN_SUSPICIOUS_MOVE = YES;
				CLANG_WARN_UNGUARDED_AVAILABILITY = YES_AGGRESSIVE;
				CLANG_WARN_UNREACHABLE_CODE = YES;
				CLANG_WARN__DUPLICATE_METHOD_MATCH = YES;
				COPY_PHASE_STRIP = NO;
				DEBUG_INFORMATION_FORMAT = dwarf;
				DEVELOPMENT_TEAM = QL5QBFGDB7;
				ENABLE_STRICT_OBJC_MSGSEND = YES;
				ENABLE_TESTABILITY = YES;
				ENABLE_USER_SCRIPT_SANDBOXING = YES;
				GCC_C_LANGUAGE_STANDARD = gnu17;
				GCC_DYNAMIC_NO_PIC = NO;
				GCC_NO_COMMON_BLOCKS = YES;
				GCC_OPTIMIZATION_LEVEL = 0;
				GCC_PREPROCESSOR_DEFINITIONS = (
					"DEBUG=1",
					"$(inherited)",
				);
				GCC_WARN_64_TO_32_BIT_CONVERSION = YES;
				GCC_WARN_ABOUT_RETURN_TYPE = YES_ERROR;
				GCC_WARN_UNDECLARED_SELECTOR = YES;
				GCC_WARN_UNINITIALIZED_AUTOS = YES_AGGRESSIVE;
				GCC_WARN_UNUSED_FUNCTION = YES;
				GCC_WARN_UNUSED_VARIABLE = YES;
				LOCALIZATION_PREFERS_STRING_CATALOGS = YES;
				MACOSX_DEPLOYMENT_TARGET = 26.5;
				MTL_ENABLE_DEBUG_INFO = INCLUDE_SOURCE;
				MTL_FAST_MATH = YES;
				ONLY_ACTIVE_ARCH = YES;
				SDKROOT = macosx;
				SWIFT_ACTIVE_COMPILATION_CONDITIONS = "DEBUG $(inherited)";
				SWIFT_OPTIMIZATION_LEVEL = "-Onone";
			};
			name = Debug;
		};
		63D3DB6D301DB38B00D4328A /* Release */ = {
			isa = XCBuildConfiguration;
			buildSettings = {
				ALWAYS_SEARCH_USER_PATHS = NO;
				ASSETCATALOG_COMPILER_GENERATE_SWIFT_ASSET_SYMBOL_EXTENSIONS = YES;
				CLANG_ANALYZER_NONNULL = YES;
				CLANG_ANALYZER_NUMBER_OBJECT_CONVERSION = YES_AGGRESSIVE;
				CLANG_CXX_LANGUAGE_STANDARD = "gnu++20";
				CLANG_ENABLE_MODULES = YES;
				CLANG_ENABLE_OBJC_ARC = YES;
				CLANG_ENABLE_OBJC_WEAK = YES;
				CLANG_WARN_BLOCK_CAPTURE_AUTORELEASING = YES;
				CLANG_WARN_BOOL_CONVERSION = YES;
				CLANG_WARN_COMMA = YES;
				CLANG_WARN_CONSTANT_CONVERSION = YES;
				CLANG_WARN_DEPRECATED_OBJC_IMPLEMENTATIONS = YES;
				CLANG_WARN_DIRECT_OBJC_ISA_USAGE = YES_ERROR;
				CLANG_WARN_DOCUMENTATION_COMMENTS = YES;
				CLANG_WARN_EMPTY_BODY = YES;
				CLANG_WARN_ENUM_CONVERSION = YES;
				CLANG_WARN_INFINITE_RECURSION = YES;
				CLANG_WARN_INT_CONVERSION = YES;
				CLANG_WARN_NON_LITERAL_NULL_CONVERSION = YES;
				CLANG_WARN_OBJC_IMPLICIT_RETAIN_SELF = YES;
				CLANG_WARN_OBJC_LITERAL_CONVERSION = YES;
				CLANG_WARN_OBJC_ROOT_CLASS = YES_ERROR;
				CLANG_WARN_QUOTED_INCLUDE_IN_FRAMEWORK_HEADER = YES;
				CLANG_WARN_RANGE_LOOP_ANALYSIS = YES;
				CLANG_WARN_STRICT_PROTOTYPES = YES;
				CLANG_WARN_SUSPICIOUS_MOVE = YES;
				CLANG_WARN_UNGUARDED_AVAILABILITY = YES_AGGRESSIVE;
				CLANG_WARN_UNREACHABLE_CODE = YES;
				CLANG_WARN__DUPLICATE_METHOD_MATCH = YES;
				COPY_PHASE_STRIP = NO;
				DEBUG_INFORMATION_FORMAT = "dwarf-with-dsym";
				DEVELOPMENT_TEAM = QL5QBFGDB7;
				ENABLE_NS_ASSERTIONS = NO;
				ENABLE_STRICT_OBJC_MSGSEND = YES;
				ENABLE_USER_SCRIPT_SANDBOXING = YES;
				GCC_C_LANGUAGE_STANDARD = gnu17;
				GCC_NO_COMMON_BLOCKS = YES;
				GCC_WARN_64_TO_32_BIT_CONVERSION = YES;
				GCC_WARN_ABOUT_RETURN_TYPE = YES_ERROR;
				GCC_WARN_UNDECLARED_SELECTOR = YES;
				GCC_WARN_UNINITIALIZED_AUTOS = YES_AGGRESSIVE;
				GCC_WARN_UNUSED_FUNCTION = YES;
				GCC_WARN_UNUSED_VARIABLE = YES;
				LOCALIZATION_PREFERS_STRING_CATALOGS = YES;
				MACOSX_DEPLOYMENT_TARGET = 26.5;
				MTL_ENABLE_DEBUG_INFO = NO;
				MTL_FAST_MATH = YES;
				SDKROOT = macosx;
				SWIFT_COMPILATION_MODE = wholemodule;
			};
			name = Release;
		};
		63D3DB6F301DB38B00D4328A /* Debug */ = {
			isa = XCBuildConfiguration;
			buildSettings = {
				ASSETCATALOG_COMPILER_APPICON_NAME = AppIcon;
				ASSETCATALOG_COMPILER_GLOBAL_ACCENT_COLOR_NAME = AccentColor;
				AUTOMATION_APPLE_EVENTS = YES;
				CODE_SIGN_STYLE = Automatic;
				COMBINE_HIDPI_IMAGES = YES;
				CURRENT_PROJECT_VERSION = 1;
				DEVELOPMENT_TEAM = QL5QBFGDB7;
				ENABLE_APP_SANDBOX = YES;
				ENABLE_HARDENED_RUNTIME = YES;
				ENABLE_INCOMING_NETWORK_CONNECTIONS = NO;
				ENABLE_OUTGOING_NETWORK_CONNECTIONS = NO;
				ENABLE_PREVIEWS = YES;
				ENABLE_RESOURCE_ACCESS_AUDIO_INPUT = NO;
				ENABLE_RESOURCE_ACCESS_BLUETOOTH = NO;
				ENABLE_RESOURCE_ACCESS_CALENDARS = NO;
				ENABLE_RESOURCE_ACCESS_CAMERA = NO;
				ENABLE_RESOURCE_ACCESS_CONTACTS = NO;
				ENABLE_RESOURCE_ACCESS_LOCATION = NO;
				ENABLE_RESOURCE_ACCESS_PHOTO_LIBRARY = NO;
				ENABLE_RESOURCE_ACCESS_PRINTING = NO;
				ENABLE_RESOURCE_ACCESS_USB = NO;
				ENABLE_USER_SELECTED_FILES = readonly;
				GENERATE_INFOPLIST_FILE = YES;
				INFOPLIST_KEY_NSAppleEventsUsageDescription = "Purchase Passport scans Apple Mail for correspondence related to your saved providers and purchases.";
				INFOPLIST_KEY_NSHumanReadableCopyright = "";
				LD_RUNPATH_SEARCH_PATHS = (
					"$(inherited)",
					"@executable_path/../Frameworks",
				);
				MARKETING_VERSION = 1.0;
				PRODUCT_BUNDLE_IDENTIFIER = "org.topository.Purchase-Passport";
				PRODUCT_NAME = "$(TARGET_NAME)";
				REGISTER_APP_GROUPS = YES;
				RUNTIME_EXCEPTION_ALLOW_DYLD_ENVIRONMENT_VARIABLES = NO;
				RUNTIME_EXCEPTION_ALLOW_JIT = NO;
				RUNTIME_EXCEPTION_ALLOW_UNSIGNED_EXECUTABLE_MEMORY = NO;
				RUNTIME_EXCEPTION_DEBUGGING_TOOL = NO;
				RUNTIME_EXCEPTION_DISABLE_EXECUTABLE_PAGE_PROTECTION = NO;
				RUNTIME_EXCEPTION_DISABLE_LIBRARY_VALIDATION = NO;
				STRING_CATALOG_GENERATE_SYMBOLS = YES;
				SWIFT_APPROACHABLE_CONCURRENCY = YES;
				SWIFT_DEFAULT_ACTOR_ISOLATION = MainActor;
				SWIFT_EMIT_LOC_STRINGS = YES;
				SWIFT_UPCOMING_FEATURE_MEMBER_IMPORT_VISIBILITY = YES;
				SWIFT_VERSION = 5.0;
			};
			name = Debug;
		};
		63D3DB70301DB38B00D4328A /* Release */ = {
			isa = XCBuildConfiguration;
			buildSettings = {
				ASSETCATALOG_COMPILER_APPICON_NAME = AppIcon;
				ASSETCATALOG_COMPILER_GLOBAL_ACCENT_COLOR_NAME = AccentColor;
				AUTOMATION_APPLE_EVENTS = YES;
				CODE_SIGN_STYLE = Automatic;
				COMBINE_HIDPI_IMAGES = YES;
				CURRENT_PROJECT_VERSION = 1;
				DEVELOPMENT_TEAM = QL5QBFGDB7;
				ENABLE_APP_SANDBOX = YES;
				ENABLE_HARDENED_RUNTIME = YES;
				ENABLE_INCOMING_NETWORK_CONNECTIONS = NO;
				ENABLE_OUTGOING_NETWORK_CONNECTIONS = NO;
				ENABLE_PREVIEWS = YES;
				ENABLE_RESOURCE_ACCESS_AUDIO_INPUT = NO;
				ENABLE_RESOURCE_ACCESS_BLUETOOTH = NO;
				ENABLE_RESOURCE_ACCESS_CALENDARS = NO;
				ENABLE_RESOURCE_ACCESS_CAMERA = NO;
				ENABLE_RESOURCE_ACCESS_CONTACTS = NO;
				ENABLE_RESOURCE_ACCESS_LOCATION = NO;
				ENABLE_RESOURCE_ACCESS_PHOTO_LIBRARY = NO;
				ENABLE_RESOURCE_ACCESS_PRINTING = NO;
				ENABLE_RESOURCE_ACCESS_USB = NO;
				ENABLE_USER_SELECTED_FILES = readonly;
				GENERATE_INFOPLIST_FILE = YES;
				INFOPLIST_KEY_NSAppleEventsUsageDescription = "Purchase Passport scans Apple Mail for correspondence related to your saved providers and purchases.";
				INFOPLIST_KEY_NSHumanReadableCopyright = "";
				LD_RUNPATH_SEARCH_PATHS = (
					"$(inherited)",
					"@executable_path/../Frameworks",
				);
				MARKETING_VERSION = 1.0;
				PRODUCT_BUNDLE_IDENTIFIER = "org.topository.Purchase-Passport";
				PRODUCT_NAME = "$(TARGET_NAME)";
				REGISTER_APP_GROUPS = YES;
				RUNTIME_EXCEPTION_ALLOW_DYLD_ENVIRONMENT_VARIABLES = NO;
				RUNTIME_EXCEPTION_ALLOW_JIT = NO;
				RUNTIME_EXCEPTION_ALLOW_UNSIGNED_EXECUTABLE_MEMORY = NO;
				RUNTIME_EXCEPTION_DEBUGGING_TOOL = NO;
				RUNTIME_EXCEPTION_DISABLE_EXECUTABLE_PAGE_PROTECTION = NO;
				RUNTIME_EXCEPTION_DISABLE_LIBRARY_VALIDATION = NO;
				STRING_CATALOG_GENERATE_SYMBOLS = YES;
				SWIFT_APPROACHABLE_CONCURRENCY = YES;
				SWIFT_DEFAULT_ACTOR_ISOLATION = MainActor;
				SWIFT_EMIT_LOC_STRINGS = YES;
				SWIFT_UPCOMING_FEATURE_MEMBER_IMPORT_VISIBILITY = YES;
				SWIFT_VERSION = 5.0;
			};
			name = Release;
		};
		63D3DB72301DB38B00D4328A /* Debug */ = {
			isa = XCBuildConfiguration;
			buildSettings = {
				BUNDLE_LOADER = "$(TEST_HOST)";
				CODE_SIGN_STYLE = Automatic;
				CURRENT_PROJECT_VERSION = 1;
				DEVELOPMENT_TEAM = QL5QBFGDB7;
				GENERATE_INFOPLIST_FILE = YES;
				MACOSX_DEPLOYMENT_TARGET = 26.5;
				MARKETING_VERSION = 1.0;
				PRODUCT_BUNDLE_IDENTIFIER = "org.topository.Purchase-PassportTests";
				PRODUCT_NAME = "$(TARGET_NAME)";
				STRING_CATALOG_GENERATE_SYMBOLS = NO;
				SWIFT_APPROACHABLE_CONCURRENCY = YES;
				SWIFT_EMIT_LOC_STRINGS = NO;
				SWIFT_UPCOMING_FEATURE_MEMBER_IMPORT_VISIBILITY = YES;
				SWIFT_VERSION = 5.0;
				TEST_HOST = "$(BUILT_PRODUCTS_DIR)/Purchase Passport.app/$(BUNDLE_EXECUTABLE_FOLDER_PATH)/Purchase Passport";
			};
			name = Debug;
		};
		63D3DB73301DB38B00D4328A /* Release */ = {
			isa = XCBuildConfiguration;
			buildSettings = {
				BUNDLE_LOADER = "$(TEST_HOST)";
				CODE_SIGN_STYLE = Automatic;
				CURRENT_PROJECT_VERSION = 1;
				DEVELOPMENT_TEAM = QL5QBFGDB7;
				GENERATE_INFOPLIST_FILE = YES;
				MACOSX_DEPLOYMENT_TARGET = 26.5;
				MARKETING_VERSION = 1.0;
				PRODUCT_BUNDLE_IDENTIFIER = "org.topository.Purchase-PassportTests";
				PRODUCT_NAME = "$(TARGET_NAME)";
				STRING_CATALOG_GENERATE_SYMBOLS = NO;
				SWIFT_APPROACHABLE_CONCURRENCY = YES;
				SWIFT_EMIT_LOC_STRINGS = NO;
				SWIFT_UPCOMING_FEATURE_MEMBER_IMPORT_VISIBILITY = YES;
				SWIFT_VERSION = 5.0;
				TEST_HOST = "$(BUILT_PRODUCTS_DIR)/Purchase Passport.app/$(BUNDLE_EXECUTABLE_FOLDER_PATH)/Purchase Passport";
			};
			name = Release;
		};
		63D3DB75301DB38B00D4328A /* Debug */ = {
			isa = XCBuildConfiguration;
			buildSettings = {
				CODE_SIGN_STYLE = Automatic;
				CURRENT_PROJECT_VERSION = 1;
				DEVELOPMENT_TEAM = QL5QBFGDB7;
				GENERATE_INFOPLIST_FILE = YES;
				MARKETING_VERSION = 1.0;
				PRODUCT_BUNDLE_IDENTIFIER = "org.topository.Purchase-PassportUITests";
				PRODUCT_NAME = "$(TARGET_NAME)";
				STRING_CATALOG_GENERATE_SYMBOLS = NO;
				SWIFT_APPROACHABLE_CONCURRENCY = YES;
				SWIFT_EMIT_LOC_STRINGS = NO;
				SWIFT_UPCOMING_FEATURE_MEMBER_IMPORT_VISIBILITY = YES;
				SWIFT_VERSION = 5.0;
				TEST_TARGET_NAME = "Purchase Passport";
			};
			name = Debug;
		};
		63D3DB76301DB38B00D4328A /* Release */ = {
			isa = XCBuildConfiguration;
			buildSettings = {
				CODE_SIGN_STYLE = Automatic;
				CURRENT_PROJECT_VERSION = 1;
				DEVELOPMENT_TEAM = QL5QBFGDB7;
				GENERATE_INFOPLIST_FILE = YES;
				MARKETING_VERSION = 1.0;
				PRODUCT_BUNDLE_IDENTIFIER = "org.topository.Purchase-PassportUITests";
				PRODUCT_NAME = "$(TARGET_NAME)";
				STRING_CATALOG_GENERATE_SYMBOLS = NO;
				SWIFT_APPROACHABLE_CONCURRENCY = YES;
				SWIFT_EMIT_LOC_STRINGS = NO;
				SWIFT_UPCOMING_FEATURE_MEMBER_IMPORT_VISIBILITY = YES;
				SWIFT_VERSION = 5.0;
				TEST_TARGET_NAME = "Purchase Passport";
			};
			name = Release;
		};
/* End XCBuildConfiguration section */

/* Begin XCConfigurationList section */
		63D3DB48301DB38A00D4328A /* Build configuration list for PBXProject "Purchase Passport" */ = {
			isa = XCConfigurationList;
			buildConfigurations = (
				63D3DB6C301DB38B00D4328A /* Debug */,
				63D3DB6D301DB38B00D4328A /* Release */,
			);
			defaultConfigurationIsVisible = 0;
			defaultConfigurationName = Release;
		};
		63D3DB6E301DB38B00D4328A /* Build configuration list for PBXNativeTarget "Purchase Passport" */ = {
			isa = XCConfigurationList;
			buildConfigurations = (
				63D3DB6F301DB38B00D4328A /* Debug */,
				63D3DB70301DB38B00D4328A /* Release */,
			);
			defaultConfigurationIsVisible = 0;
			defaultConfigurationName = Release;
		};
		63D3DB71301DB38B00D4328A /* Build configuration list for PBXNativeTarget "Purchase PassportTests" */ = {
			isa = XCConfigurationList;
			buildConfigurations = (
				63D3DB72301DB38B00D4328A /* Debug */,
				63D3DB73301DB38B00D4328A /* Release */,
			);
			defaultConfigurationIsVisible = 0;
			defaultConfigurationName = Release;
		};
		63D3DB74301DB38B00D4328A /* Build configuration list for PBXNativeTarget "Purchase PassportUITests" */ = {
			isa = XCConfigurationList;
			buildConfigurations = (
				63D3DB75301DB38B00D4328A /* Debug */,
				63D3DB76301DB38B00D4328A /* Release */,
			);
			defaultConfigurationIsVisible = 0;
			defaultConfigurationName = Release;
		};
/* End XCConfigurationList section */
	};
	rootObject = 63D3DB45301DB38A00D4328A /* Project object */;
}
